
Microsoft Visual Studio Solution File, Format Version 12.00
# Visual Studio Version 17
VisualStudioVersion = 17.14.36623.8
MinimumVisualStudioVersion = 10.0.40219.1
Project("{2150E333-8FDC-42A3-9474-1A3956D46DE8}") = "src", "src", "{02EA681E-C7D8-13C7-8484-4AC65E1B71E8}"
EndProject
Project("{2150E333-8FDC-42A3-9474-1A3956D46DE8}") = "BMS", "BMS", "{A5BEAF1E-27A7-49E7-ADF2-0330EF5138EA}"
EndProject
Project("{FAE04EC0-301F-11D3-BF4B-00C04F79EFBC}") = "BMS.DAL", "..\BMS.DAl\BMS.DAL.csproj", "{395B12B9-5236-4437-8124-9C736BECFD33}"
EndProject
Project("{FAE04EC0-301F-11D3-BF4B-00C04F79EFBC}") = "BMS.BLL", "..\BMS.BLL\BMS.BLL.csproj", "{BDEB4773-EA8F-466C-8790-F1FB703A95B3}"
EndProject
Global
	GlobalSection(SolutionConfigurationPlatforms) = preSolution
		Debug|Any CPU = Debug|Any CPU
		Release|Any CPU = Release|Any CPU
	EndGlobalSection
	GlobalSection(ProjectConfigurationPlatforms) = postSolution
		{395B12B9-5236-4437-8124-9C736BECFD33}.Debug|Any CPU.ActiveCfg = Debug|Any CPU
		{395B12B9-5236-4437-8124-9C736BECFD33}.Debug|Any CPU.Build.0 = Debug|Any CPU
		{395B12B9-5236-4437-8124-9C736BECFD33}.Release|Any CPU.ActiveCfg = Release|Any CPU
		{395B12B9-5236-4437-8124-9C736BECFD33}.Release|Any CPU.Build.0 = Release|Any CPU
		{BDEB4773-EA8F-466C-8790-F1FB703A95B3}.Debug|Any CPU.ActiveCfg = Debug|Any CPU
		{BDEB4773-EA8F-466C-8790-F1FB703A95B3}.Debug|Any CPU.Build.0 = Debug|Any CPU
		{BDEB4773-EA8F-466C-8790-F1FB703A95B3}.Release|Any CPU.ActiveCfg = Release|Any CPU
		{BDEB4773-EA8F-466C-8790-F1FB703A95B3}.Release|Any CPU.Build.0 = Release|Any CPU
	EndGlobalSection
	GlobalSection(SolutionProperties) = preSolution
		HideSolutionNode = FALSE
	EndGlobalSection
	GlobalSection(NestedProjects) = preSolution
		{A5BEAF1E-27A7-49E7-ADF2-0330EF5138EA} = {02EA681E-C7D8-13C7-8484-4AC65E1B71E8}
		{395B12B9-5236-4437-8124-9C736BECFD33} = {A5BEAF1E-27A7-49E7-ADF2-0330EF5138EA}
		{BDEB4773-EA8F-466C-8790-F1FB703A95B3} = {A5BEAF1E-27A7-49E7-ADF2-0330EF5138EA}
	EndGlobalSection
	GlobalSection(ExtensibilityGlobals) = postSolution
		SolutionGuid = {087861D4-44F0-4E2F-AFC1-0105033E68E8}
	EndGlobalSection
EndGlobal
